<?xml version="1.0" encoding="utf-8"?>
<Project ToolsVersion="4.0" xmlns="http://schemas.microsoft.com/developer/msbuild/2003">
  <ItemGroup>
    <Filter Include="ソース ファイル">
      <UniqueIdentifier>{4FC737F1-C7A5-4376-A066-2A32D752A2FF}</UniqueIdentifier>
      <Extensions>cpp;c;cc;cxx;def;odl;idl;hpj;bat;asm;asmx</Extensions>
    </Filter>
    <Filter Include="ソース ファイル\game">
      <UniqueIdentifier>{685b256a-dc57-423d-8955-31c741561511}</UniqueIdentifier>
    </Filter>
    <Filter Include="ソース ファイル\common">
      <UniqueIdentifier>{04dcc780-4cab-4430-ae70-b68709516104}</UniqueIdentifier>
    </Filter>
    <Filter Include="ソース ファイル\shader">
      <UniqueIdentifier>{c6ab945b-7cc1-47ad-bb6d-4db9d874dc1a}</UniqueIdentifier>
    </Filter>
    <Filter Include="ソース ファイル\game\primitive">
      <UniqueIdentifier>{36557fc4-cb85-4e52-85b6-b6d0074ab4af}</UniqueIdentifier>
    </Filter>
    <Filter Include="ソース ファイル\lib">
      <UniqueIdentifier>{0bb8edcf-2814-4f53-b46b-a49fc6f7a0ce}</UniqueIdentifier>
    </Filter>
    <Filter Include="ソース ファイル\game\model">
      <UniqueIdentifier>{97a3e478-674d-4c92-bcb9-54e9587d8081}</UniqueIdentifier>
    </Filter>
  </ItemGroup>
  <ItemGroup>
    <ClCompile Include="src\main.cpp">
      <Filter>ソース ファイル</Filter>
    </ClCompile>
    <ClCompile Include="src\game\game.cpp">
      <Filter>ソース ファイル\game</Filter>
    </ClCompile>
    <ClCompile Include="src\application.cpp">
      <Filter>ソース ファイル</Filter>
    </ClCompile>
    <ClCompile Include="src\common\d3dx12manager.cpp">
      <Filter>ソース ファイル\common</Filter>
    </ClCompile>
    <ClCompile Include="src\common\timer.cpp">
      <Filter>ソース ファイル\common</Filter>
    </ClCompile>
    <ClCompile Include="src\common\window.cpp">
      <Filter>ソース ファイル\common</Filter>
    </ClCompile>
    <ClCompile Include="src\game\primitive\triangle.cpp">
      <Filter>ソース ファイル\game\primitive</Filter>
    </ClCompile>
    <ClCompile Include="src\lib\json11.cpp">
      <Filter>ソース ファイル\lib</Filter>
    </ClCompile>
    <ClCompile Include="src\game\model\model.cpp">
      <Filter>ソース ファイル\game\model</Filter>
    </ClCompile>
    <ClCompile Include="src\game\model\camera.cpp">
      <Filter>ソース ファイル\game\model</Filter>
    </ClCompile>
  </ItemGroup>
  <ItemGroup>
    <ClInclude Include="src\game\game.h">
      <Filter>ソース ファイル\game</Filter>
    </ClInclude>
    <ClInclude Include="src\application.h">
      <Filter>ソース ファイル</Filter>
    </ClInclude>
    <ClInclude Include="src\common\common.h">
      <Filter>ソース ファイル\common</Filter>
    </ClInclude>
    <ClInclude Include="src\common\d3dx12manager.h">
      <Filter>ソース ファイル\common</Filter>
    </ClInclude>
    <ClInclude Include="src\common\setup_param.h">
      <Filter>ソース ファイル\common</Filter>
    </ClInclude>
    <ClInclude Include="src\common\singleton.h">
      <Filter>ソース ファイル\common</Filter>
    </ClInclude>
    <ClInclude Include="src\common\timer.h">
      <Filter>ソース ファイル\common</Filter>
    </ClInclude>
    <ClInclude Include="src\common\window.h">
      <Filter>ソース ファイル\common</Filter>
    </ClInclude>
    <ClInclude Include="src\game\primitive\triangle.h">
      <Filter>ソース ファイル\game\primitive</Filter>
    </ClInclude>
    <ClInclude Include="src\common\types.h">
      <Filter>ソース ファイル\common</Filter>
    </ClInclude>
    <ClInclude Include="src\lib\json11.hpp">
      <Filter>ソース ファイル\lib</Filter>
    </ClInclude>
    <ClInclude Include="src\game\model\model.h">
      <Filter>ソース ファイル\game\model</Filter>
    </ClInclude>
    <ClInclude Include="src\game\model\def_gltf.h">
      <Filter>ソース ファイル\game\model</Filter>
    </ClInclude>
    <ClInclude Include="src\game\model\gltf_type.h">
      <Filter>ソース ファイル\game\model</Filter>
    </ClInclude>
    <ClInclude Include="src\game\model\camera.h">
      <Filter>ソース ファイル\game\model</Filter>
    </ClInclude>
  </ItemGroup>
  <ItemGroup>
    <FxCompile Include="src\shader\shader.hlsl">
      <Filter>ソース ファイル\shader</Filter>
    </FxCompile>
  </ItemGroup>
</Project>