<?xml version="1.0" encoding="utf-8"?>
<Project ToolsVersion="4.0" xmlns="http://schemas.microsoft.com/developer/msbuild/2003">
  <ItemGroup>
    <Filter Include="ソース ファイル">
      <UniqueIdentifier>{4FC737F1-C7A5-4376-A066-2A32D752A2FF}</UniqueIdentifier>
      <Extensions>cpp;c;cc;cxx;def;odl;idl;hpj;bat;asm;asmx</Extensions>
    </Filter>
    <Filter Include="ソース ファイル\game">
      <UniqueIdentifier>{685b256a-dc57-423d-8955-31c741561511}</UniqueIdentifier>
    </Filter>
    <Filter Include="ソース ファイル\common">
      <UniqueIdentifier>{04dcc780-4cab-4430-ae70-b68709516104}</UniqueIdentifier>
    </Filter>
  </ItemGroup>
  <ItemGroup>
    <ClCompile Include="src\main.cpp">
      <Filter>ソース ファイル</Filter>
    </ClCompile>
    <ClCompile Include="src\game\game.cpp">
      <Filter>ソース ファイル\game</Filter>
    </ClCompile>
    <ClCompile Include="src\application.cpp">
      <Filter>ソース ファイル</Filter>
    </ClCompile>
    <ClCompile Include="src\common\d3dx12manager.cpp">
      <Filter>ソース ファイル\common</Filter>
    </ClCompile>
    <ClCompile Include="src\common\timer.cpp">
      <Filter>ソース ファイル\common</Filter>
    </ClCompile>
    <ClCompile Include="src\common\window.cpp">
      <Filter>ソース ファイル\common</Filter>
    </ClCompile>
  </ItemGroup>
  <ItemGroup>
    <ClInclude Include="src\game\game.h">
      <Filter>ソース ファイル\game</Filter>
    </ClInclude>
    <ClInclude Include="src\application.h">
      <Filter>ソース ファイル</Filter>
    </ClInclude>
    <ClInclude Include="src\common\common.h">
      <Filter>ソース ファイル\common</Filter>
    </ClInclude>
    <ClInclude Include="src\common\d3dx12manager.h">
      <Filter>ソース ファイル\common</Filter>
    </ClInclude>
    <ClInclude Include="src\common\setup_param.h">
      <Filter>ソース ファイル\common</Filter>
    </ClInclude>
    <ClInclude Include="src\common\singleton.h">
      <Filter>ソース ファイル\common</Filter>
    </ClInclude>
    <ClInclude Include="src\common\timer.h">
      <Filter>ソース ファイル\common</Filter>
    </ClInclude>
    <ClInclude Include="src\common\window.h">
      <Filter>ソース ファイル\common</Filter>
    </ClInclude>
  </ItemGroup>
</Project>